
Microsoft Visual Studio Solution File, Format Version 12.00
# Visual Studio Version 17
VisualStudioVersion = 17.3.32922.545
MinimumVisualStudioVersion = 10.0.40219.1
Project("{FAE04EC0-301F-11D3-BF4B-00C04F79EFBC}") = "System programms", "System programms\System programms.csproj", "{9A395B65-FFD9-400B-8990-740EB37A0865}"
EndProject
Project("{9A19103F-16F7-4668-BE54-9A1E7A4F7556}") = "WorkWithNotepad", "WorkWithNotepad\WorkWithNotepad.csproj", "{6DB06067-801E-42B4-9AE1-515A13328FCA}"
EndProject
Project("{9A19103F-16F7-4668-BE54-9A1E7A4F7556}") = "ProcessShow", "ProcessShow\ProcessShow.csproj", "{9EBFEF4B-723C-4738-A03B-808BCEAAAC34}"
EndProject
Project("{9A19103F-16F7-4668-BE54-9A1E7A4F7556}") = "ThreadsApps", "ThreadsApps\ThreadsApps.csproj", "{1796818F-BCE9-4EAA-8137-9B8C02F3125F}"
EndProject
Project("{9A19103F-16F7-4668-BE54-9A1E7A4F7556}") = "WFwithAsyncThreads", "WFwithAsyncThreads\WFwithAsyncThreads.csproj", "{ACE10429-2D88-4C04-96F7-59A25003B9F6}"
EndProject
Project("{9A19103F-16F7-4668-BE54-9A1E7A4F7556}") = "CopyAPP", "CopyAPP\CopyAPP.csproj", "{1AD10545-8154-40F1-9C1B-72C2187DB043}"
EndProject
Project("{9A19103F-16F7-4668-BE54-9A1E7A4F7556}") = "WinApiMessageBeepDZ1", "WinApiMessageBeepDZ1\WinApiMessageBeepDZ1.csproj", "{631F4D27-A14F-4459-AA7D-6AB06D87567E}"
EndProject
Project("{9A19103F-16F7-4668-BE54-9A1E7A4F7556}") = "AsyncWork", "AsyncWork\AsyncWork.csproj", "{2818A25F-DEE7-42B7-977E-F8328ADBFA54}"
EndProject
Project("{9A19103F-16F7-4668-BE54-9A1E7A4F7556}") = "Factorial_async", "Factorial_async\Factorial_async.csproj", "{590C5268-CC05-4A2C-ABBB-64054DBF30B1}"
EndProject
Project("{9A19103F-16F7-4668-BE54-9A1E7A4F7556}") = "SearchWords", "SearchWords\SearchWords.csproj", "{A070154B-5336-40E6-8AF0-709A9E0C8027}"
EndProject
Project("{9A19103F-16F7-4668-BE54-9A1E7A4F7556}") = "SisProgDZ_process", "SisProgDZ_process\SisProgDZ_process.csproj", "{6C12E9ED-DA8A-4B02-A0BC-9D66DCBCF018}"
EndProject
Project("{FAE04EC0-301F-11D3-BF4B-00C04F79EFBC}") = "SisProgDZ_threads", "SisProgDZ_threads\SisProgDZ_threads.csproj", "{AC459ED0-8D3B-44DE-B647-38969368531A}"
EndProject
Global
	GlobalSection(SolutionConfigurationPlatforms) = preSolution
		Debug|Any CPU = Debug|Any CPU
		Release|Any CPU = Release|Any CPU
	EndGlobalSection
	GlobalSection(ProjectConfigurationPlatforms) = postSolution
		{9A395B65-FFD9-400B-8990-740EB37A0865}.Debug|Any CPU.ActiveCfg = Debug|Any CPU
		{9A395B65-FFD9-400B-8990-740EB37A0865}.Debug|Any CPU.Build.0 = Debug|Any CPU
		{9A395B65-FFD9-400B-8990-740EB37A0865}.Release|Any CPU.ActiveCfg = Release|Any CPU
		{9A395B65-FFD9-400B-8990-740EB37A0865}.Release|Any CPU.Build.0 = Release|Any CPU
		{6DB06067-801E-42B4-9AE1-515A13328FCA}.Debug|Any CPU.ActiveCfg = Debug|Any CPU
		{6DB06067-801E-42B4-9AE1-515A13328FCA}.Debug|Any CPU.Build.0 = Debug|Any CPU
		{6DB06067-801E-42B4-9AE1-515A13328FCA}.Release|Any CPU.ActiveCfg = Release|Any CPU
		{6DB06067-801E-42B4-9AE1-515A13328FCA}.Release|Any CPU.Build.0 = Release|Any CPU
		{9EBFEF4B-723C-4738-A03B-808BCEAAAC34}.Debug|Any CPU.ActiveCfg = Debug|Any CPU
		{9EBFEF4B-723C-4738-A03B-808BCEAAAC34}.Debug|Any CPU.Build.0 = Debug|Any CPU
		{9EBFEF4B-723C-4738-A03B-808BCEAAAC34}.Release|Any CPU.ActiveCfg = Release|Any CPU
		{9EBFEF4B-723C-4738-A03B-808BCEAAAC34}.Release|Any CPU.Build.0 = Release|Any CPU
		{1796818F-BCE9-4EAA-8137-9B8C02F3125F}.Debug|Any CPU.ActiveCfg = Debug|Any CPU
		{1796818F-BCE9-4EAA-8137-9B8C02F3125F}.Debug|Any CPU.Build.0 = Debug|Any CPU
		{1796818F-BCE9-4EAA-8137-9B8C02F3125F}.Release|Any CPU.ActiveCfg = Release|Any CPU
		{1796818F-BCE9-4EAA-8137-9B8C02F3125F}.Release|Any CPU.Build.0 = Release|Any CPU
		{ACE10429-2D88-4C04-96F7-59A25003B9F6}.Debug|Any CPU.ActiveCfg = Debug|Any CPU
		{ACE10429-2D88-4C04-96F7-59A25003B9F6}.Debug|Any CPU.Build.0 = Debug|Any CPU
		{ACE10429-2D88-4C04-96F7-59A25003B9F6}.Release|Any CPU.ActiveCfg = Release|Any CPU
		{ACE10429-2D88-4C04-96F7-59A25003B9F6}.Release|Any CPU.Build.0 = Release|Any CPU
		{1AD10545-8154-40F1-9C1B-72C2187DB043}.Debug|Any CPU.ActiveCfg = Debug|Any CPU
		{1AD10545-8154-40F1-9C1B-72C2187DB043}.Debug|Any CPU.Build.0 = Debug|Any CPU
		{1AD10545-8154-40F1-9C1B-72C2187DB043}.Release|Any CPU.ActiveCfg = Release|Any CPU
		{1AD10545-8154-40F1-9C1B-72C2187DB043}.Release|Any CPU.Build.0 = Release|Any CPU
		{631F4D27-A14F-4459-AA7D-6AB06D87567E}.Debug|Any CPU.ActiveCfg = Debug|Any CPU
		{631F4D27-A14F-4459-AA7D-6AB06D87567E}.Debug|Any CPU.Build.0 = Debug|Any CPU
		{631F4D27-A14F-4459-AA7D-6AB06D87567E}.Release|Any CPU.ActiveCfg = Release|Any CPU
		{631F4D27-A14F-4459-AA7D-6AB06D87567E}.Release|Any CPU.Build.0 = Release|Any CPU
		{2818A25F-DEE7-42B7-977E-F8328ADBFA54}.Debug|Any CPU.ActiveCfg = Debug|Any CPU
		{2818A25F-DEE7-42B7-977E-F8328ADBFA54}.Debug|Any CPU.Build.0 = Debug|Any CPU
		{2818A25F-DEE7-42B7-977E-F8328ADBFA54}.Release|Any CPU.ActiveCfg = Release|Any CPU
		{2818A25F-DEE7-42B7-977E-F8328ADBFA54}.Release|Any CPU.Build.0 = Release|Any CPU
		{590C5268-CC05-4A2C-ABBB-64054DBF30B1}.Debug|Any CPU.ActiveCfg = Debug|Any CPU
		{590C5268-CC05-4A2C-ABBB-64054DBF30B1}.Debug|Any CPU.Build.0 = Debug|Any CPU
		{590C5268-CC05-4A2C-ABBB-64054DBF30B1}.Release|Any CPU.ActiveCfg = Release|Any CPU
		{590C5268-CC05-4A2C-ABBB-64054DBF30B1}.Release|Any CPU.Build.0 = Release|Any CPU
		{A070154B-5336-40E6-8AF0-709A9E0C8027}.Debug|Any CPU.ActiveCfg = Debug|Any CPU
		{A070154B-5336-40E6-8AF0-709A9E0C8027}.Debug|Any CPU.Build.0 = Debug|Any CPU
		{A070154B-5336-40E6-8AF0-709A9E0C8027}.Release|Any CPU.ActiveCfg = Release|Any CPU
		{A070154B-5336-40E6-8AF0-709A9E0C8027}.Release|Any CPU.Build.0 = Release|Any CPU
		{6C12E9ED-DA8A-4B02-A0BC-9D66DCBCF018}.Debug|Any CPU.ActiveCfg = Debug|Any CPU
		{6C12E9ED-DA8A-4B02-A0BC-9D66DCBCF018}.Debug|Any CPU.Build.0 = Debug|Any CPU
		{6C12E9ED-DA8A-4B02-A0BC-9D66DCBCF018}.Release|Any CPU.ActiveCfg = Release|Any CPU
		{6C12E9ED-DA8A-4B02-A0BC-9D66DCBCF018}.Release|Any CPU.Build.0 = Release|Any CPU
		{AC459ED0-8D3B-44DE-B647-38969368531A}.Debug|Any CPU.ActiveCfg = Debug|Any CPU
		{AC459ED0-8D3B-44DE-B647-38969368531A}.Debug|Any CPU.Build.0 = Debug|Any CPU
		{AC459ED0-8D3B-44DE-B647-38969368531A}.Release|Any CPU.ActiveCfg = Release|Any CPU
		{AC459ED0-8D3B-44DE-B647-38969368531A}.Release|Any CPU.Build.0 = Release|Any CPU
	EndGlobalSection
	GlobalSection(SolutionProperties) = preSolution
		HideSolutionNode = FALSE
	EndGlobalSection
	GlobalSection(ExtensibilityGlobals) = postSolution
		SolutionGuid = {37615972-BBB4-426F-82BB-E39F2E2526EE}
	EndGlobalSection
EndGlobal
