
Microsoft Visual Studio Solution File, Format Version 12.00
# Visual Studio Version 17
VisualStudioVersion = 17.3.32922.545
MinimumVisualStudioVersion = 10.0.40219.1
Project("{FAE04EC0-301F-11D3-BF4B-00C04F79EFBC}") = "System programms", "System programms\System programms.csproj", "{9A395B65-FFD9-400B-8990-740EB37A0865}"
EndProject
Project("{FAE04EC0-301F-11D3-BF4B-00C04F79EFBC}") = "WorkWithNotepad", "WorkWithNotepad\WorkWithNotepad.csproj", "{6DB06067-801E-42B4-9AE1-515A13328FCA}"
EndProject
Project("{FAE04EC0-301F-11D3-BF4B-00C04F79EFBC}") = "ProcessShow", "ProcessShow\ProcessShow.csproj", "{9EBFEF4B-723C-4738-A03B-808BCEAAAC34}"
EndProject
Global
	GlobalSection(SolutionConfigurationPlatforms) = preSolution
		Debug|Any CPU = Debug|Any CPU
		Release|Any CPU = Release|Any CPU
	EndGlobalSection
	GlobalSection(ProjectConfigurationPlatforms) = postSolution
		{9A395B65-FFD9-400B-8990-740EB37A0865}.Debug|Any CPU.ActiveCfg = Debug|Any CPU
		{9A395B65-FFD9-400B-8990-740EB37A0865}.Debug|Any CPU.Build.0 = Debug|Any CPU
		{9A395B65-FFD9-400B-8990-740EB37A0865}.Release|Any CPU.ActiveCfg = Release|Any CPU
		{9A395B65-FFD9-400B-8990-740EB37A0865}.Release|Any CPU.Build.0 = Release|Any CPU
		{6DB06067-801E-42B4-9AE1-515A13328FCA}.Debug|Any CPU.ActiveCfg = Debug|Any CPU
		{6DB06067-801E-42B4-9AE1-515A13328FCA}.Debug|Any CPU.Build.0 = Debug|Any CPU
		{6DB06067-801E-42B4-9AE1-515A13328FCA}.Release|Any CPU.ActiveCfg = Release|Any CPU
		{6DB06067-801E-42B4-9AE1-515A13328FCA}.Release|Any CPU.Build.0 = Release|Any CPU
		{9EBFEF4B-723C-4738-A03B-808BCEAAAC34}.Debug|Any CPU.ActiveCfg = Debug|Any CPU
		{9EBFEF4B-723C-4738-A03B-808BCEAAAC34}.Debug|Any CPU.Build.0 = Debug|Any CPU
		{9EBFEF4B-723C-4738-A03B-808BCEAAAC34}.Release|Any CPU.ActiveCfg = Release|Any CPU
		{9EBFEF4B-723C-4738-A03B-808BCEAAAC34}.Release|Any CPU.Build.0 = Release|Any CPU
	EndGlobalSection
	GlobalSection(SolutionProperties) = preSolution
		HideSolutionNode = FALSE
	EndGlobalSection
	GlobalSection(ExtensibilityGlobals) = postSolution
		SolutionGuid = {37615972-BBB4-426F-82BB-E39F2E2526EE}
	EndGlobalSection
EndGlobal
